
Microsoft Visual Studio Solution File, Format Version 12.00
# Visual Studio Version 17
VisualStudioVersion = 17.11.35222.181
MinimumVisualStudioVersion = 10.0.40219.1
Project("{FAE04EC0-301F-11D3-BF4B-00C04F79EFBC}") = "mastermind", "mastermind\mastermind.csproj", "{76ACB0B4-74EF-4D9C-B55F-B2AC4D80CCEC}"
EndProject
Global
	GlobalSection(SolutionConfigurationPlatforms) = preSolution
		Debug|Any CPU = Debug|Any CPU
		Release|Any CPU = Release|Any CPU
	EndGlobalSection
	GlobalSection(ProjectConfigurationPlatforms) = postSolution
		{76ACB0B4-74EF-4D9C-B55F-B2AC4D80CCEC}.Debug|Any CPU.ActiveCfg = Debug|Any CPU
		{76ACB0B4-74EF-4D9C-B55F-B2AC4D80CCEC}.Debug|Any CPU.Build.0 = Debug|Any CPU
		{76ACB0B4-74EF-4D9C-B55F-B2AC4D80CCEC}.Release|Any CPU.ActiveCfg = Release|Any CPU
		{76ACB0B4-74EF-4D9C-B55F-B2AC4D80CCEC}.Release|Any CPU.Build.0 = Release|Any CPU
	EndGlobalSection
	GlobalSection(SolutionProperties) = preSolution
		HideSolutionNode = FALSE
	EndGlobalSection
	GlobalSection(ExtensibilityGlobals) = postSolution
		SolutionGuid = {58C414F7-9161-4046-8D25-12F872DE2362}
	EndGlobalSection
EndGlobal
